
Microsoft Visual Studio Solution File, Format Version 12.00
# Visual Studio Version 16
VisualStudioVersion = 16.0.30114.105
MinimumVisualStudioVersion = 10.0.40219.1
Project("{FAE04EC0-301F-11D3-BF4B-00C04F79EFBC}") = "Lesya 2", "Lesya 2\Lesya 2.csproj", "{CCA3362B-8700-4DA7-B41E-B685B6639B31}"
EndProject
Global
	GlobalSection(SolutionConfigurationPlatforms) = preSolution
		Debug|Any CPU = Debug|Any CPU
		Release|Any CPU = Release|Any CPU
	EndGlobalSection
	GlobalSection(ProjectConfigurationPlatforms) = postSolution
		{CCA3362B-8700-4DA7-B41E-B685B6639B31}.Debug|Any CPU.ActiveCfg = Debug|Any CPU
		{CCA3362B-8700-4DA7-B41E-B685B6639B31}.Debug|Any CPU.Build.0 = Debug|Any CPU
		{CCA3362B-8700-4DA7-B41E-B685B6639B31}.Release|Any CPU.ActiveCfg = Release|Any CPU
		{CCA3362B-8700-4DA7-B41E-B685B6639B31}.Release|Any CPU.Build.0 = Release|Any CPU
	EndGlobalSection
	GlobalSection(SolutionProperties) = preSolution
		HideSolutionNode = FALSE
	EndGlobalSection
	GlobalSection(ExtensibilityGlobals) = postSolution
		SolutionGuid = {09A5259C-335E-459A-B9D9-EBAC320665F0}
	EndGlobalSection
EndGlobal
